
Microsoft Visual Studio Solution File, Format Version 12.00
# Visual Studio Version 17
VisualStudioVersion = 17.9.34622.214
MinimumVisualStudioVersion = 10.0.40219.1
Project("{FAE04EC0-301F-11D3-BF4B-00C04F79EFBC}") = "ConversorDeMoneda", "ConversorDeMoneda.csproj", "{3D685CAC-8080-4280-83C0-548BAD3AD0A2}"
EndProject
Global
	GlobalSection(SolutionConfigurationPlatforms) = preSolution
		Debug|Any CPU = Debug|Any CPU
		Release|Any CPU = Release|Any CPU
	EndGlobalSection
	GlobalSection(ProjectConfigurationPlatforms) = postSolution
		{3D685CAC-8080-4280-83C0-548BAD3AD0A2}.Debug|Any CPU.ActiveCfg = Debug|Any CPU
		{3D685CAC-8080-4280-83C0-548BAD3AD0A2}.Debug|Any CPU.Build.0 = Debug|Any CPU
		{3D685CAC-8080-4280-83C0-548BAD3AD0A2}.Release|Any CPU.ActiveCfg = Release|Any CPU
		{3D685CAC-8080-4280-83C0-548BAD3AD0A2}.Release|Any CPU.Build.0 = Release|Any CPU
	EndGlobalSection
	GlobalSection(SolutionProperties) = preSolution
		HideSolutionNode = FALSE
	EndGlobalSection
	GlobalSection(ExtensibilityGlobals) = postSolution
		SolutionGuid = {CDC635AD-172D-4DA8-8BD5-8197FA4598C1}
	EndGlobalSection
EndGlobal
