
Microsoft Visual Studio Solution File, Format Version 12.00
# Visual Studio Version 17
VisualStudioVersion = 17.9.34622.214
MinimumVisualStudioVersion = 10.0.40219.1
Project("{FAE04EC0-301F-11D3-BF4B-00C04F79EFBC}") = "ClasesWpf", "ClasesWpf\ClasesWpf.csproj", "{AD86EA2B-50B5-4E31-8EE3-30EDA1154BF5}"
EndProject
Global
	GlobalSection(SolutionConfigurationPlatforms) = preSolution
		Debug|Any CPU = Debug|Any CPU
		Release|Any CPU = Release|Any CPU
	EndGlobalSection
	GlobalSection(ProjectConfigurationPlatforms) = postSolution
		{AD86EA2B-50B5-4E31-8EE3-30EDA1154BF5}.Debug|Any CPU.ActiveCfg = Debug|Any CPU
		{AD86EA2B-50B5-4E31-8EE3-30EDA1154BF5}.Debug|Any CPU.Build.0 = Debug|Any CPU
		{AD86EA2B-50B5-4E31-8EE3-30EDA1154BF5}.Release|Any CPU.ActiveCfg = Release|Any CPU
		{AD86EA2B-50B5-4E31-8EE3-30EDA1154BF5}.Release|Any CPU.Build.0 = Release|Any CPU
	EndGlobalSection
	GlobalSection(SolutionProperties) = preSolution
		HideSolutionNode = FALSE
	EndGlobalSection
	GlobalSection(ExtensibilityGlobals) = postSolution
		SolutionGuid = {81058A38-1A62-4776-92AE-A9BE7A4DEA8A}
	EndGlobalSection
EndGlobal
