
Microsoft Visual Studio Solution File, Format Version 12.00
# Visual Studio Version 17
VisualStudioVersion = 17.9.34622.214
MinimumVisualStudioVersion = 10.0.40219.1
Project("{FAE04EC0-301F-11D3-BF4B-00C04F79EFBC}") = "WebApplication1SPA", "WebApplication1SPA\WebApplication1SPA.csproj", "{B45A2CFC-0792-45DB-AC1B-1F0B632CEE53}"
EndProject
Global
	GlobalSection(SolutionConfigurationPlatforms) = preSolution
		Debug|Any CPU = Debug|Any CPU
		Release|Any CPU = Release|Any CPU
	EndGlobalSection
	GlobalSection(ProjectConfigurationPlatforms) = postSolution
		{B45A2CFC-0792-45DB-AC1B-1F0B632CEE53}.Debug|Any CPU.ActiveCfg = Debug|Any CPU
		{B45A2CFC-0792-45DB-AC1B-1F0B632CEE53}.Debug|Any CPU.Build.0 = Debug|Any CPU
		{B45A2CFC-0792-45DB-AC1B-1F0B632CEE53}.Release|Any CPU.ActiveCfg = Release|Any CPU
		{B45A2CFC-0792-45DB-AC1B-1F0B632CEE53}.Release|Any CPU.Build.0 = Release|Any CPU
	EndGlobalSection
	GlobalSection(SolutionProperties) = preSolution
		HideSolutionNode = FALSE
	EndGlobalSection
	GlobalSection(ExtensibilityGlobals) = postSolution
		SolutionGuid = {D3A275DB-5F2F-4D28-BD26-8B59CB7CE0A6}
	EndGlobalSection
EndGlobal
