
Microsoft Visual Studio Solution File, Format Version 12.00
# Visual Studio Version 17
VisualStudioVersion = 17.9.34622.214
MinimumVisualStudioVersion = 10.0.40219.1
Project("{FAE04EC0-301F-11D3-BF4B-00C04F79EFBC}") = "WebProfe", "WebProfe\WebProfe.csproj", "{423A5001-273A-4973-83CE-19D430CC2189}"
EndProject
Global
	GlobalSection(SolutionConfigurationPlatforms) = preSolution
		Debug|Any CPU = Debug|Any CPU
		Release|Any CPU = Release|Any CPU
	EndGlobalSection
	GlobalSection(ProjectConfigurationPlatforms) = postSolution
		{423A5001-273A-4973-83CE-19D430CC2189}.Debug|Any CPU.ActiveCfg = Debug|Any CPU
		{423A5001-273A-4973-83CE-19D430CC2189}.Debug|Any CPU.Build.0 = Debug|Any CPU
		{423A5001-273A-4973-83CE-19D430CC2189}.Release|Any CPU.ActiveCfg = Release|Any CPU
		{423A5001-273A-4973-83CE-19D430CC2189}.Release|Any CPU.Build.0 = Release|Any CPU
	EndGlobalSection
	GlobalSection(SolutionProperties) = preSolution
		HideSolutionNode = FALSE
	EndGlobalSection
	GlobalSection(ExtensibilityGlobals) = postSolution
		SolutionGuid = {B7557DE3-5F4D-4BEF-86C2-37CE4A6B756B}
	EndGlobalSection
EndGlobal
